// !$*UTF8*$!
{
	archiveVersion = 1;
	classes = {
	};
	objectVersion = 55;
	objects = {

/* Begin PBXBuildFile section */
		D0562A4D282EB2D100872221 /* BagHoldApp.swift in Sources */ = {isa = PBXBuildFile; fileRef = D0562A4C282EB2D100872221 /* BagHoldApp.swift */; };
		D0562A4F282EB2D100872221 /* ContentView.swift in Sources */ = {isa = PBXBuildFile; fileRef = D0562A4E282EB2D100872221 /* ContentView.swift */; };
		D0562A54282EB2D200872221 /* Preview Assets.xcassets in Resources */ = {isa = PBXBuildFile; fileRef = D0562A53282EB2D200872221 /* Preview Assets.xcassets */; };
		D0562A5B282EB36900872221 /* Assets.xcassets in Resources */ = {isa = PBXBuildFile; fileRef = D0562A5A282EB36900872221 /* Assets.xcassets */; };
		D0562A63282EB48900872221 /* HomeView.swift in Sources */ = {isa = PBXBuildFile; fileRef = D0562A62282EB48900872221 /* HomeView.swift */; };
		D0562A6D282EB50200872221 /* Date.swift in Sources */ = {isa = PBXBuildFile; fileRef = D0562A67282EB50200872221 /* Date.swift */; };
		D0562A6E282EB50200872221 /* Color.swift in Sources */ = {isa = PBXBuildFile; fileRef = D0562A68282EB50200872221 /* Color.swift */; };
		D0562A70282EB50200872221 /* UIApplication.swift in Sources */ = {isa = PBXBuildFile; fileRef = D0562A6A282EB50200872221 /* UIApplication.swift */; };
		D0562A71282EB50200872221 /* Double.swift in Sources */ = {isa = PBXBuildFile; fileRef = D0562A6B282EB50200872221 /* Double.swift */; };
		D0562A72282EB50200872221 /* String.swift in Sources */ = {isa = PBXBuildFile; fileRef = D0562A6C282EB50200872221 /* String.swift */; };
		D0562A76282ED3A700872221 /* CircleButtonView.swift in Sources */ = {isa = PBXBuildFile; fileRef = D0562A75282ED3A700872221 /* CircleButtonView.swift */; };
		D0562A78282ED5D800872221 /* CircleButtonAnimationView.swift in Sources */ = {isa = PBXBuildFile; fileRef = D0562A77282ED5D800872221 /* CircleButtonAnimationView.swift */; };
		D0562A7B282ED98800872221 /* Coin.swift in Sources */ = {isa = PBXBuildFile; fileRef = D0562A7A282ED98800872221 /* Coin.swift */; };
		D0562A7D282EE0A500872221 /* CoinRowView.swift in Sources */ = {isa = PBXBuildFile; fileRef = D0562A7C282EE0A500872221 /* CoinRowView.swift */; };
		D0562A7E282EE18600872221 /* PreviewProvider.swift in Sources */ = {isa = PBXBuildFile; fileRef = D0562A69282EB50200872221 /* PreviewProvider.swift */; };
/* End PBXBuildFile section */

/* Begin PBXFileReference section */
		D0562A49282EB2D100872221 /* BagHold.app */ = {isa = PBXFileReference; explicitFileType = wrapper.application; includeInIndex = 0; path = BagHold.app; sourceTree = BUILT_PRODUCTS_DIR; };
		D0562A4C282EB2D100872221 /* BagHoldApp.swift */ = {isa = PBXFileReference; lastKnownFileType = sourcecode.swift; path = BagHoldApp.swift; sourceTree = "<group>"; };
		D0562A4E282EB2D100872221 /* ContentView.swift */ = {isa = PBXFileReference; lastKnownFileType = sourcecode.swift; path = ContentView.swift; sourceTree = "<group>"; };
		D0562A53282EB2D200872221 /* Preview Assets.xcassets */ = {isa = PBXFileReference; lastKnownFileType = folder.assetcatalog; path = "Preview Assets.xcassets"; sourceTree = "<group>"; };
		D0562A5A282EB36900872221 /* Assets.xcassets */ = {isa = PBXFileReference; lastKnownFileType = folder.assetcatalog; name = Assets.xcassets; path = ../../../../../../Downloads/Resources/Assets.xcassets; sourceTree = "<group>"; };
		D0562A62282EB48900872221 /* HomeView.swift */ = {isa = PBXFileReference; lastKnownFileType = sourcecode.swift; path = HomeView.swift; sourceTree = "<group>"; };
		D0562A67282EB50200872221 /* Date.swift */ = {isa = PBXFileReference; fileEncoding = 4; lastKnownFileType = sourcecode.swift; path = Date.swift; sourceTree = "<group>"; };
		D0562A68282EB50200872221 /* Color.swift */ = {isa = PBXFileReference; fileEncoding = 4; lastKnownFileType = sourcecode.swift; path = Color.swift; sourceTree = "<group>"; };
		D0562A69282EB50200872221 /* PreviewProvider.swift */ = {isa = PBXFileReference; fileEncoding = 4; lastKnownFileType = sourcecode.swift; path = PreviewProvider.swift; sourceTree = "<group>"; };
		D0562A6A282EB50200872221 /* UIApplication.swift */ = {isa = PBXFileReference; fileEncoding = 4; lastKnownFileType = sourcecode.swift; path = UIApplication.swift; sourceTree = "<group>"; };
		D0562A6B282EB50200872221 /* Double.swift */ = {isa = PBXFileReference; fileEncoding = 4; lastKnownFileType = sourcecode.swift; path = Double.swift; sourceTree = "<group>"; };
		D0562A6C282EB50200872221 /* String.swift */ = {isa = PBXFileReference; fileEncoding = 4; lastKnownFileType = sourcecode.swift; path = String.swift; sourceTree = "<group>"; };
		D0562A75282ED3A700872221 /* CircleButtonView.swift */ = {isa = PBXFileReference; lastKnownFileType = sourcecode.swift; path = CircleButtonView.swift; sourceTree = "<group>"; };
		D0562A77282ED5D800872221 /* CircleButtonAnimationView.swift */ = {isa = PBXFileReference; lastKnownFileType = sourcecode.swift; path = CircleButtonAnimationView.swift; sourceTree = "<group>"; };
		D0562A7A282ED98800872221 /* Coin.swift */ = {isa = PBXFileReference; lastKnownFileType = sourcecode.swift; path = Coin.swift; sourceTree = "<group>"; };
		D0562A7C282EE0A500872221 /* CoinRowView.swift */ = {isa = PBXFileReference; lastKnownFileType = sourcecode.swift; path = CoinRowView.swift; sourceTree = "<group>"; };
/* End PBXFileReference section */

/* Begin PBXFrameworksBuildPhase section */
		D0562A46282EB2D100872221 /* Frameworks */ = {
			isa = PBXFrameworksBuildPhase;
			buildActionMask = 2147483647;
			files = (
			);
			runOnlyForDeploymentPostprocessing = 0;
		};
/* End PBXFrameworksBuildPhase section */

/* Begin PBXGroup section */
		D0562A40282EB2D100872221 = {
			isa = PBXGroup;
			children = (
				D0562A4B282EB2D100872221 /* BagHold */,
				D0562A4A282EB2D100872221 /* Products */,
			);
			sourceTree = "<group>";
		};
		D0562A4A282EB2D100872221 /* Products */ = {
			isa = PBXGroup;
			children = (
				D0562A49282EB2D100872221 /* BagHold.app */,
			);
			name = Products;
			sourceTree = "<group>";
		};
		D0562A4B282EB2D100872221 /* BagHold */ = {
			isa = PBXGroup;
			children = (
				D0562A79282ED96B00872221 /* Models */,
				D0562A5E282EB45800872221 /* Core */,
				D0562A66282EB4F500872221 /* Extensions */,
				D0562A4C282EB2D100872221 /* BagHoldApp.swift */,
				D0562A4E282EB2D100872221 /* ContentView.swift */,
				D0562A5A282EB36900872221 /* Assets.xcassets */,
				D0562A52282EB2D200872221 /* Preview Content */,
			);
			path = BagHold;
			sourceTree = "<group>";
		};
		D0562A52282EB2D200872221 /* Preview Content */ = {
			isa = PBXGroup;
			children = (
				D0562A53282EB2D200872221 /* Preview Assets.xcassets */,
			);
			path = "Preview Content";
			sourceTree = "<group>";
		};
		D0562A5E282EB45800872221 /* Core */ = {
			isa = PBXGroup;
			children = (
				D0562A5F282EB46200872221 /* Home */,
			);
			path = Core;
			sourceTree = "<group>";
		};
		D0562A5F282EB46200872221 /* Home */ = {
			isa = PBXGroup;
			children = (
				D0562A73282ED38300872221 /* Components */,
				D0562A61282EB47700872221 /* ViewModels */,
				D0562A60282EB47300872221 /* Views */,
			);
			path = Home;
			sourceTree = "<group>";
		};
		D0562A60282EB47300872221 /* Views */ = {
			isa = PBXGroup;
			children = (
				D0562A62282EB48900872221 /* HomeView.swift */,
				D0562A7C282EE0A500872221 /* CoinRowView.swift */,
			);
			path = Views;
			sourceTree = "<group>";
		};
		D0562A61282EB47700872221 /* ViewModels */ = {
			isa = PBXGroup;
			children = (
			);
			path = ViewModels;
			sourceTree = "<group>";
		};
		D0562A66282EB4F500872221 /* Extensions */ = {
			isa = PBXGroup;
			children = (
				D0562A68282EB50200872221 /* Color.swift */,
				D0562A67282EB50200872221 /* Date.swift */,
				D0562A6B282EB50200872221 /* Double.swift */,
				D0562A69282EB50200872221 /* PreviewProvider.swift */,
				D0562A6C282EB50200872221 /* String.swift */,
				D0562A6A282EB50200872221 /* UIApplication.swift */,
			);
			path = Extensions;
			sourceTree = "<group>";
		};
		D0562A73282ED38300872221 /* Components */ = {
			isa = PBXGroup;
			children = (
				D0562A74282ED39A00872221 /* CircleButton */,
			);
			path = Components;
			sourceTree = "<group>";
		};
		D0562A74282ED39A00872221 /* CircleButton */ = {
			isa = PBXGroup;
			children = (
				D0562A75282ED3A700872221 /* CircleButtonView.swift */,
				D0562A77282ED5D800872221 /* CircleButtonAnimationView.swift */,
			);
			path = CircleButton;
			sourceTree = "<group>";
		};
		D0562A79282ED96B00872221 /* Models */ = {
			isa = PBXGroup;
			children = (
				D0562A7A282ED98800872221 /* Coin.swift */,
			);
			path = Models;
			sourceTree = "<group>";
		};
/* End PBXGroup section */

/* Begin PBXNativeTarget section */
		D0562A48282EB2D100872221 /* BagHold */ = {
			isa = PBXNativeTarget;
			buildConfigurationList = D0562A57282EB2D200872221 /* Build configuration list for PBXNativeTarget "BagHold" */;
			buildPhases = (
				D0562A45282EB2D100872221 /* Sources */,
				D0562A46282EB2D100872221 /* Frameworks */,
				D0562A47282EB2D100872221 /* Resources */,
			);
			buildRules = (
			);
			dependencies = (
			);
			name = BagHold;
			productName = BagHold;
			productReference = D0562A49282EB2D100872221 /* BagHold.app */;
			productType = "com.apple.product-type.application";
		};
/* End PBXNativeTarget section */

/* Begin PBXProject section */
		D0562A41282EB2D100872221 /* Project object */ = {
			isa = PBXProject;
			attributes = {
				BuildIndependentTargetsInParallel = 1;
				LastSwiftUpdateCheck = 1330;
				LastUpgradeCheck = 1330;
				TargetAttributes = {
					D0562A48282EB2D100872221 = {
						CreatedOnToolsVersion = 13.3;
					};
				};
			};
			buildConfigurationList = D0562A44282EB2D100872221 /* Build configuration list for PBXProject "BagHold" */;
			compatibilityVersion = "Xcode 13.0";
			developmentRegion = en;
			hasScannedForEncodings = 0;
			knownRegions = (
				en,
				Base,
			);
			mainGroup = D0562A40282EB2D100872221;
			productRefGroup = D0562A4A282EB2D100872221 /* Products */;
			projectDirPath = "";
			projectRoot = "";
			targets = (
				D0562A48282EB2D100872221 /* BagHold */,
			);
		};
/* End PBXProject section */

/* Begin PBXResourcesBuildPhase section */
		D0562A47282EB2D100872221 /* Resources */ = {
			isa = PBXResourcesBuildPhase;
			buildActionMask = 2147483647;
			files = (
				D0562A54282EB2D200872221 /* Preview Assets.xcassets in Resources */,
				D0562A5B282EB36900872221 /* Assets.xcassets in Resources */,
			);
			runOnlyForDeploymentPostprocessing = 0;
		};
/* End PBXResourcesBuildPhase section */

/* Begin PBXSourcesBuildPhase section */
		D0562A45282EB2D100872221 /* Sources */ = {
			isa = PBXSourcesBuildPhase;
			buildActionMask = 2147483647;
			files = (
				D0562A7D282EE0A500872221 /* CoinRowView.swift in Sources */,
				D0562A63282EB48900872221 /* HomeView.swift in Sources */,
				D0562A70282EB50200872221 /* UIApplication.swift in Sources */,
				D0562A71282EB50200872221 /* Double.swift in Sources */,
				D0562A72282EB50200872221 /* String.swift in Sources */,
				D0562A7B282ED98800872221 /* Coin.swift in Sources */,
				D0562A4F282EB2D100872221 /* ContentView.swift in Sources */,
				D0562A4D282EB2D100872221 /* BagHoldApp.swift in Sources */,
				D0562A76282ED3A700872221 /* CircleButtonView.swift in Sources */,
				D0562A78282ED5D800872221 /* CircleButtonAnimationView.swift in Sources */,
				D0562A6E282EB50200872221 /* Color.swift in Sources */,
				D0562A6D282EB50200872221 /* Date.swift in Sources */,
				D0562A7E282EE18600872221 /* PreviewProvider.swift in Sources */,
			);
			runOnlyForDeploymentPostprocessing = 0;
		};
/* End PBXSourcesBuildPhase section */

/* Begin XCBuildConfiguration section */
		D0562A55282EB2D200872221 /* Debug */ = {
			isa = XCBuildConfiguration;
			buildSettings = {
				ALWAYS_SEARCH_USER_PATHS = NO;
				CLANG_ANALYZER_NONNULL = YES;
				CLANG_ANALYZER_NUMBER_OBJECT_CONVERSION = YES_AGGRESSIVE;
				CLANG_CXX_LANGUAGE_STANDARD = "gnu++17";
				CLANG_ENABLE_MODULES = YES;
				CLANG_ENABLE_OBJC_ARC = YES;
				CLANG_ENABLE_OBJC_WEAK = YES;
				CLANG_WARN_BLOCK_CAPTURE_AUTORELEASING = YES;
				CLANG_WARN_BOOL_CONVERSION = YES;
				CLANG_WARN_COMMA = YES;
				CLANG_WARN_CONSTANT_CONVERSION = YES;
				CLANG_WARN_DEPRECATED_OBJC_IMPLEMENTATIONS = YES;
				CLANG_WARN_DIRECT_OBJC_ISA_USAGE = YES_ERROR;
				CLANG_WARN_DOCUMENTATION_COMMENTS = YES;
				CLANG_WARN_EMPTY_BODY = YES;
				CLANG_WARN_ENUM_CONVERSION = YES;
				CLANG_WARN_INFINITE_RECURSION = YES;
				CLANG_WARN_INT_CONVERSION = YES;
				CLANG_WARN_NON_LITERAL_NULL_CONVERSION = YES;
				CLANG_WARN_OBJC_IMPLICIT_RETAIN_SELF = YES;
				CLANG_WARN_OBJC_LITERAL_CONVERSION = YES;
				CLANG_WARN_OBJC_ROOT_CLASS = YES_ERROR;
				CLANG_WARN_QUOTED_INCLUDE_IN_FRAMEWORK_HEADER = YES;
				CLANG_WARN_RANGE_LOOP_ANALYSIS = YES;
				CLANG_WARN_STRICT_PROTOTYPES = YES;
				CLANG_WARN_SUSPICIOUS_MOVE = YES;
				CLANG_WARN_UNGUARDED_AVAILABILITY = YES_AGGRESSIVE;
				CLANG_WARN_UNREACHABLE_CODE = YES;
				CLANG_WARN__DUPLICATE_METHOD_MATCH = YES;
				COPY_PHASE_STRIP = NO;
				DEBUG_INFORMATION_FORMAT = dwarf;
				ENABLE_STRICT_OBJC_MSGSEND = YES;
				ENABLE_TESTABILITY = YES;
				GCC_C_LANGUAGE_STANDARD = gnu11;
				GCC_DYNAMIC_NO_PIC = NO;
				GCC_NO_COMMON_BLOCKS = YES;
				GCC_OPTIMIZATION_LEVEL = 0;
				GCC_PREPROCESSOR_DEFINITIONS = (
					"DEBUG=1",
					"$(inherited)",
				);
				GCC_WARN_64_TO_32_BIT_CONVERSION = YES;
				GCC_WARN_ABOUT_RETURN_TYPE = YES_ERROR;
				GCC_WARN_UNDECLARED_SELECTOR = YES;
				GCC_WARN_UNINITIALIZED_AUTOS = YES_AGGRESSIVE;
				GCC_WARN_UNUSED_FUNCTION = YES;
				GCC_WARN_UNUSED_VARIABLE = YES;
				IPHONEOS_DEPLOYMENT_TARGET = 15.4;
				MTL_ENABLE_DEBUG_INFO = INCLUDE_SOURCE;
				MTL_FAST_MATH = YES;
				ONLY_ACTIVE_ARCH = YES;
				SDKROOT = iphoneos;
				SWIFT_ACTIVE_COMPILATION_CONDITIONS = DEBUG;
				SWIFT_OPTIMIZATION_LEVEL = "-Onone";
			};
			name = Debug;
		};
		D0562A56282EB2D200872221 /* Release */ = {
			isa = XCBuildConfiguration;
			buildSettings = {
				ALWAYS_SEARCH_USER_PATHS = NO;
				CLANG_ANALYZER_NONNULL = YES;
				CLANG_ANALYZER_NUMBER_OBJECT_CONVERSION = YES_AGGRESSIVE;
				CLANG_CXX_LANGUAGE_STANDARD = "gnu++17";
				CLANG_ENABLE_MODULES = YES;
				CLANG_ENABLE_OBJC_ARC = YES;
				CLANG_ENABLE_OBJC_WEAK = YES;
				CLANG_WARN_BLOCK_CAPTURE_AUTORELEASING = YES;
				CLANG_WARN_BOOL_CONVERSION = YES;
				CLANG_WARN_COMMA = YES;
				CLANG_WARN_CONSTANT_CONVERSION = YES;
				CLANG_WARN_DEPRECATED_OBJC_IMPLEMENTATIONS = YES;
				CLANG_WARN_DIRECT_OBJC_ISA_USAGE = YES_ERROR;
				CLANG_WARN_DOCUMENTATION_COMMENTS = YES;
				CLANG_WARN_EMPTY_BODY = YES;
				CLANG_WARN_ENUM_CONVERSION = YES;
				CLANG_WARN_INFINITE_RECURSION = YES;
				CLANG_WARN_INT_CONVERSION = YES;
				CLANG_WARN_NON_LITERAL_NULL_CONVERSION = YES;
				CLANG_WARN_OBJC_IMPLICIT_RETAIN_SELF = YES;
				CLANG_WARN_OBJC_LITERAL_CONVERSION = YES;
				CLANG_WARN_OBJC_ROOT_CLASS = YES_ERROR;
				CLANG_WARN_QUOTED_INCLUDE_IN_FRAMEWORK_HEADER = YES;
				CLANG_WARN_RANGE_LOOP_ANALYSIS = YES;
				CLANG_WARN_STRICT_PROTOTYPES = YES;
				CLANG_WARN_SUSPICIOUS_MOVE = YES;
				CLANG_WARN_UNGUARDED_AVAILABILITY = YES_AGGRESSIVE;
				CLANG_WARN_UNREACHABLE_CODE = YES;
				CLANG_WARN__DUPLICATE_METHOD_MATCH = YES;
				COPY_PHASE_STRIP = NO;
				DEBUG_INFORMATION_FORMAT = "dwarf-with-dsym";
				ENABLE_NS_ASSERTIONS = NO;
				ENABLE_STRICT_OBJC_MSGSEND = YES;
				GCC_C_LANGUAGE_STANDARD = gnu11;
				GCC_NO_COMMON_BLOCKS = YES;
				GCC_WARN_64_TO_32_BIT_CONVERSION = YES;
				GCC_WARN_ABOUT_RETURN_TYPE = YES_ERROR;
				GCC_WARN_UNDECLARED_SELECTOR = YES;
				GCC_WARN_UNINITIALIZED_AUTOS = YES_AGGRESSIVE;
				GCC_WARN_UNUSED_FUNCTION = YES;
				GCC_WARN_UNUSED_VARIABLE = YES;
				IPHONEOS_DEPLOYMENT_TARGET = 15.4;
				MTL_ENABLE_DEBUG_INFO = NO;
				MTL_FAST_MATH = YES;
				SDKROOT = iphoneos;
				SWIFT_COMPILATION_MODE = wholemodule;
				SWIFT_OPTIMIZATION_LEVEL = "-O";
				VALIDATE_PRODUCT = YES;
			};
			name = Release;
		};
		D0562A58282EB2D200872221 /* Debug */ = {
			isa = XCBuildConfiguration;
			buildSettings = {
				ASSETCATALOG_COMPILER_APPICON_NAME = AppIcon;
				ASSETCATALOG_COMPILER_GLOBAL_ACCENT_COLOR_NAME = AccentColor;
				CODE_SIGN_STYLE = Automatic;
				CURRENT_PROJECT_VERSION = 1;
				DEVELOPMENT_ASSET_PATHS = "\"BagHold/Preview Content\"";
				DEVELOPMENT_TEAM = FZQXZ63VCV;
				ENABLE_PREVIEWS = YES;
				GENERATE_INFOPLIST_FILE = YES;
				INFOPLIST_KEY_UIApplicationSceneManifest_Generation = YES;
				INFOPLIST_KEY_UIApplicationSupportsIndirectInputEvents = YES;
				INFOPLIST_KEY_UILaunchScreen_Generation = YES;
				INFOPLIST_KEY_UISupportedInterfaceOrientations = UIInterfaceOrientationPortrait;
				INFOPLIST_KEY_UISupportedInterfaceOrientations_iPad = "UIInterfaceOrientationPortrait UIInterfaceOrientationPortraitUpsideDown UIInterfaceOrientationLandscapeLeft UIInterfaceOrientationLandscapeRight";
				INFOPLIST_KEY_UISupportedInterfaceOrientations_iPhone = "UIInterfaceOrientationPortrait UIInterfaceOrientationLandscapeLeft UIInterfaceOrientationLandscapeRight";
				LD_RUNPATH_SEARCH_PATHS = (
					"$(inherited)",
					"@executable_path/Frameworks",
				);
				MARKETING_VERSION = 1.0;
				PRODUCT_BUNDLE_IDENTIFIER = com.azharIslam.BagHold;
				PRODUCT_NAME = "$(TARGET_NAME)";
				SWIFT_EMIT_LOC_STRINGS = YES;
				SWIFT_VERSION = 5.0;
				TARGETED_DEVICE_FAMILY = "1,2";
			};
			name = Debug;
		};
		D0562A59282EB2D200872221 /* Release */ = {
			isa = XCBuildConfiguration;
			buildSettings = {
				ASSETCATALOG_COMPILER_APPICON_NAME = AppIcon;
				ASSETCATALOG_COMPILER_GLOBAL_ACCENT_COLOR_NAME = AccentColor;
				CODE_SIGN_STYLE = Automatic;
				CURRENT_PROJECT_VERSION = 1;
				DEVELOPMENT_ASSET_PATHS = "\"BagHold/Preview Content\"";
				DEVELOPMENT_TEAM = FZQXZ63VCV;
				ENABLE_PREVIEWS = YES;
				GENERATE_INFOPLIST_FILE = YES;
				INFOPLIST_KEY_UIApplicationSceneManifest_Generation = YES;
				INFOPLIST_KEY_UIApplicationSupportsIndirectInputEvents = YES;
				INFOPLIST_KEY_UILaunchScreen_Generation = YES;
				INFOPLIST_KEY_UISupportedInterfaceOrientations = UIInterfaceOrientationPortrait;
				INFOPLIST_KEY_UISupportedInterfaceOrientations_iPad = "UIInterfaceOrientationPortrait UIInterfaceOrientationPortraitUpsideDown UIInterfaceOrientationLandscapeLeft UIInterfaceOrientationLandscapeRight";
				INFOPLIST_KEY_UISupportedInterfaceOrientations_iPhone = "UIInterfaceOrientationPortrait UIInterfaceOrientationLandscapeLeft UIInterfaceOrientationLandscapeRight";
				LD_RUNPATH_SEARCH_PATHS = (
					"$(inherited)",
					"@executable_path/Frameworks",
				);
				MARKETING_VERSION = 1.0;
				PRODUCT_BUNDLE_IDENTIFIER = com.azharIslam.BagHold;
				PRODUCT_NAME = "$(TARGET_NAME)";
				SWIFT_EMIT_LOC_STRINGS = YES;
				SWIFT_VERSION = 5.0;
				TARGETED_DEVICE_FAMILY = "1,2";
			};
			name = Release;
		};
/* End XCBuildConfiguration section */

/* Begin XCConfigurationList section */
		D0562A44282EB2D100872221 /* Build configuration list for PBXProject "BagHold" */ = {
			isa = XCConfigurationList;
			buildConfigurations = (
				D0562A55282EB2D200872221 /* Debug */,
				D0562A56282EB2D200872221 /* Release */,
			);
			defaultConfigurationIsVisible = 0;
			defaultConfigurationName = Release;
		};
		D0562A57282EB2D200872221 /* Build configuration list for PBXNativeTarget "BagHold" */ = {
			isa = XCConfigurationList;
			buildConfigurations = (
				D0562A58282EB2D200872221 /* Debug */,
				D0562A59282EB2D200872221 /* Release */,
			);
			defaultConfigurationIsVisible = 0;
			defaultConfigurationName = Release;
		};
/* End XCConfigurationList section */
	};
	rootObject = D0562A41282EB2D100872221 /* Project object */;
}
